
Microsoft Visual Studio Solution File, Format Version 12.00
# Visual Studio Version 16
VisualStudioVersion = 16.0.28922.388
MinimumVisualStudioVersion = 10.0.40219.1
Project("{888888A0-9F3D-457C-B088-3A5042F75D52}") = "AmazonBestSellers", "AmazonBestSellers\AmazonBestSellers.pyproj", "{53FBE288-43F4-4D42-A5F6-E2475E11B893}"
EndProject
Global
	GlobalSection(SolutionConfigurationPlatforms) = preSolution
		Debug|Any CPU = Debug|Any CPU
		Release|Any CPU = Release|Any CPU
	EndGlobalSection
	GlobalSection(ProjectConfigurationPlatforms) = postSolution
		{53FBE288-43F4-4D42-A5F6-E2475E11B893}.Debug|Any CPU.ActiveCfg = Debug|Any CPU
		{53FBE288-43F4-4D42-A5F6-E2475E11B893}.Release|Any CPU.ActiveCfg = Release|Any CPU
	EndGlobalSection
	GlobalSection(SolutionProperties) = preSolution
		HideSolutionNode = FALSE
	EndGlobalSection
	GlobalSection(ExtensibilityGlobals) = postSolution
		SolutionGuid = {FB00BE37-D4BB-4BB2-ACD5-99FA9ECBB068}
	EndGlobalSection
EndGlobal
